
Microsoft Visual Studio Solution File, Format Version 12.00
# Visual Studio Version 17
VisualStudioVersion = 17.1.32228.430
MinimumVisualStudioVersion = 10.0.40219.1
Project("{FAE04EC0-301F-11D3-BF4B-00C04F79EFBC}") = "eCinema", "eCinema\eCinema.csproj", "{F0E072F3-8756-4999-B1EE-368E62649DA9}"
EndProject
Project("{FAE04EC0-301F-11D3-BF4B-00C04F79EFBC}") = "eCinema.Model", "eCinema.Model\eCinema.Model.csproj", "{16C10E65-0861-4CD0-9F49-3F07BFAEB51A}"
EndProject
Project("{FAE04EC0-301F-11D3-BF4B-00C04F79EFBC}") = "eCinema.Services", "eCinema.Services\eCinema.Services.csproj", "{98F561CD-C1FD-41B0-B52F-F66D4EFE95D1}"
EndProject
Global
	GlobalSection(SolutionConfigurationPlatforms) = preSolution
		Debug|Any CPU = Debug|Any CPU
		Release|Any CPU = Release|Any CPU
	EndGlobalSection
	GlobalSection(ProjectConfigurationPlatforms) = postSolution
		{F0E072F3-8756-4999-B1EE-368E62649DA9}.Debug|Any CPU.ActiveCfg = Debug|Any CPU
		{F0E072F3-8756-4999-B1EE-368E62649DA9}.Debug|Any CPU.Build.0 = Debug|Any CPU
		{F0E072F3-8756-4999-B1EE-368E62649DA9}.Release|Any CPU.ActiveCfg = Release|Any CPU
		{F0E072F3-8756-4999-B1EE-368E62649DA9}.Release|Any CPU.Build.0 = Release|Any CPU
		{16C10E65-0861-4CD0-9F49-3F07BFAEB51A}.Debug|Any CPU.ActiveCfg = Debug|Any CPU
		{16C10E65-0861-4CD0-9F49-3F07BFAEB51A}.Debug|Any CPU.Build.0 = Debug|Any CPU
		{16C10E65-0861-4CD0-9F49-3F07BFAEB51A}.Release|Any CPU.ActiveCfg = Release|Any CPU
		{16C10E65-0861-4CD0-9F49-3F07BFAEB51A}.Release|Any CPU.Build.0 = Release|Any CPU
		{98F561CD-C1FD-41B0-B52F-F66D4EFE95D1}.Debug|Any CPU.ActiveCfg = Debug|Any CPU
		{98F561CD-C1FD-41B0-B52F-F66D4EFE95D1}.Debug|Any CPU.Build.0 = Debug|Any CPU
		{98F561CD-C1FD-41B0-B52F-F66D4EFE95D1}.Release|Any CPU.ActiveCfg = Release|Any CPU
		{98F561CD-C1FD-41B0-B52F-F66D4EFE95D1}.Release|Any CPU.Build.0 = Release|Any CPU
	EndGlobalSection
	GlobalSection(SolutionProperties) = preSolution
		HideSolutionNode = FALSE
	EndGlobalSection
	GlobalSection(ExtensibilityGlobals) = postSolution
		SolutionGuid = {C759A597-D390-4B63-A281-B39DA669E4C7}
	EndGlobalSection
EndGlobal
